// !$*UTF8*$!
{
	archiveVersion = 1;
	classes = {
	};
	objectVersion = 56;
	objects = {

/* Begin PBXBuildFile section */
		F63931D62C74094600409961 /* CurrentWeatherVancouver.json in Resources */ = {isa = PBXBuildFile; fileRef = F63931D52C74094600409961 /* CurrentWeatherVancouver.json */; };
		F63931D82C740A5400409961 /* WeatherVM.swift in Sources */ = {isa = PBXBuildFile; fileRef = F63931D72C740A5400409961 /* WeatherVM.swift */; };
		F63931DE2C740AC300409961 /* WeatherType.swift in Sources */ = {isa = PBXBuildFile; fileRef = F63931D92C740AC300409961 /* WeatherType.swift */; };
		F63931DF2C740AC300409961 /* WeeklyForecast.swift in Sources */ = {isa = PBXBuildFile; fileRef = F63931DA2C740AC300409961 /* WeeklyForecast.swift */; };
		F63931E02C740AC300409961 /* DailyForecast.swift in Sources */ = {isa = PBXBuildFile; fileRef = F63931DB2C740AC300409961 /* DailyForecast.swift */; };
		F63931E12C740AC300409961 /* SearchLocation.swift in Sources */ = {isa = PBXBuildFile; fileRef = F63931DC2C740AC300409961 /* SearchLocation.swift */; };
		F63931E22C740AC300409961 /* CurrentWeather.swift in Sources */ = {isa = PBXBuildFile; fileRef = F63931DD2C740AC300409961 /* CurrentWeather.swift */; };
		F63931E62C740B1700409961 /* Extensions.swift in Sources */ = {isa = PBXBuildFile; fileRef = F63931E32C740B1700409961 /* Extensions.swift */; };
		F63931E72C740B1700409961 /* ApiInfo.swift in Sources */ = {isa = PBXBuildFile; fileRef = F63931E42C740B1700409961 /* ApiInfo.swift */; };
		F63931E82C740B1700409961 /* Api.swift in Sources */ = {isa = PBXBuildFile; fileRef = F63931E52C740B1700409961 /* Api.swift */; };
		F63931EB2C740C9500409961 /* TopWeatherView.swift in Sources */ = {isa = PBXBuildFile; fileRef = F63931EA2C740C9500409961 /* TopWeatherView.swift */; };
		F69E091C2C7455FD009C6585 /* DailyWeatherView.swift in Sources */ = {isa = PBXBuildFile; fileRef = F69E091B2C7455FD009C6585 /* DailyWeatherView.swift */; };
		F69E091E2C7459CB009C6585 /* DailyCarouselRow.swift in Sources */ = {isa = PBXBuildFile; fileRef = F69E091D2C7459CB009C6585 /* DailyCarouselRow.swift */; };
		F69E09202C74ED1B009C6585 /* WeeklyForecast.json in Resources */ = {isa = PBXBuildFile; fileRef = F69E091F2C74ED1B009C6585 /* WeeklyForecast.json */; };
		F69E09222C7513FA009C6585 /* DailyCarouselRowItemView.swift in Sources */ = {isa = PBXBuildFile; fileRef = F69E09212C7513FA009C6585 /* DailyCarouselRowItemView.swift */; };
		F69E09262C752FED009C6585 /* WeeklyForecastView.swift in Sources */ = {isa = PBXBuildFile; fileRef = F69E09252C752FED009C6585 /* WeeklyForecastView.swift */; };
		F69E09282C75303F009C6585 /* WeeklyForecastDetailView.swift in Sources */ = {isa = PBXBuildFile; fileRef = F69E09272C75303F009C6585 /* WeeklyForecastDetailView.swift */; };
		F6F44E522C7401E7005FEBD2 /* WeatherAppSwiftApp.swift in Sources */ = {isa = PBXBuildFile; fileRef = F6F44E512C7401E7005FEBD2 /* WeatherAppSwiftApp.swift */; };
		F6F44E542C7401E7005FEBD2 /* ContentView.swift in Sources */ = {isa = PBXBuildFile; fileRef = F6F44E532C7401E7005FEBD2 /* ContentView.swift */; };
		F6F44E562C7401E8005FEBD2 /* Assets.xcassets in Resources */ = {isa = PBXBuildFile; fileRef = F6F44E552C7401E8005FEBD2 /* Assets.xcassets */; };
		F6F44E592C7401E8005FEBD2 /* Preview Assets.xcassets in Resources */ = {isa = PBXBuildFile; fileRef = F6F44E582C7401E8005FEBD2 /* Preview Assets.xcassets */; };
		F6F44E632C7401E8005FEBD2 /* WeatherAppSwiftTests.swift in Sources */ = {isa = PBXBuildFile; fileRef = F6F44E622C7401E8005FEBD2 /* WeatherAppSwiftTests.swift */; };
		F6F44E6D2C7401E8005FEBD2 /* WeatherAppSwiftUITests.swift in Sources */ = {isa = PBXBuildFile; fileRef = F6F44E6C2C7401E8005FEBD2 /* WeatherAppSwiftUITests.swift */; };
		F6F44E6F2C7401E8005FEBD2 /* WeatherAppSwiftUITestsLaunchTests.swift in Sources */ = {isa = PBXBuildFile; fileRef = F6F44E6E2C7401E8005FEBD2 /* WeatherAppSwiftUITestsLaunchTests.swift */; };
/* End PBXBuildFile section */

/* Begin PBXContainerItemProxy section */
		F6F44E5F2C7401E8005FEBD2 /* PBXContainerItemProxy */ = {
			isa = PBXContainerItemProxy;
			containerPortal = F6F44E462C7401E7005FEBD2 /* Project object */;
			proxyType = 1;
			remoteGlobalIDString = F6F44E4D2C7401E7005FEBD2;
			remoteInfo = WeatherAppSwift;
		};
		F6F44E692C7401E8005FEBD2 /* PBXContainerItemProxy */ = {
			isa = PBXContainerItemProxy;
			containerPortal = F6F44E462C7401E7005FEBD2 /* Project object */;
			proxyType = 1;
			remoteGlobalIDString = F6F44E4D2C7401E7005FEBD2;
			remoteInfo = WeatherAppSwift;
		};
/* End PBXContainerItemProxy section */

/* Begin PBXFileReference section */
		F63931D52C74094600409961 /* CurrentWeatherVancouver.json */ = {isa = PBXFileReference; fileEncoding = 4; lastKnownFileType = text.json; path = CurrentWeatherVancouver.json; sourceTree = "<group>"; };
		F63931D72C740A5400409961 /* WeatherVM.swift */ = {isa = PBXFileReference; lastKnownFileType = sourcecode.swift; path = WeatherVM.swift; sourceTree = "<group>"; };
		F63931D92C740AC300409961 /* WeatherType.swift */ = {isa = PBXFileReference; fileEncoding = 4; lastKnownFileType = sourcecode.swift; path = WeatherType.swift; sourceTree = "<group>"; };
		F63931DA2C740AC300409961 /* WeeklyForecast.swift */ = {isa = PBXFileReference; fileEncoding = 4; lastKnownFileType = sourcecode.swift; path = WeeklyForecast.swift; sourceTree = "<group>"; };
		F63931DB2C740AC300409961 /* DailyForecast.swift */ = {isa = PBXFileReference; fileEncoding = 4; lastKnownFileType = sourcecode.swift; path = DailyForecast.swift; sourceTree = "<group>"; };
		F63931DC2C740AC300409961 /* SearchLocation.swift */ = {isa = PBXFileReference; fileEncoding = 4; lastKnownFileType = sourcecode.swift; path = SearchLocation.swift; sourceTree = "<group>"; };
		F63931DD2C740AC300409961 /* CurrentWeather.swift */ = {isa = PBXFileReference; fileEncoding = 4; lastKnownFileType = sourcecode.swift; path = CurrentWeather.swift; sourceTree = "<group>"; };
		F63931E32C740B1700409961 /* Extensions.swift */ = {isa = PBXFileReference; fileEncoding = 4; lastKnownFileType = sourcecode.swift; path = Extensions.swift; sourceTree = "<group>"; };
		F63931E42C740B1700409961 /* ApiInfo.swift */ = {isa = PBXFileReference; fileEncoding = 4; lastKnownFileType = sourcecode.swift; path = ApiInfo.swift; sourceTree = "<group>"; };
		F63931E52C740B1700409961 /* Api.swift */ = {isa = PBXFileReference; fileEncoding = 4; lastKnownFileType = sourcecode.swift; path = Api.swift; sourceTree = "<group>"; };
		F63931EA2C740C9500409961 /* TopWeatherView.swift */ = {isa = PBXFileReference; lastKnownFileType = sourcecode.swift; path = TopWeatherView.swift; sourceTree = "<group>"; };
		F69E091B2C7455FD009C6585 /* DailyWeatherView.swift */ = {isa = PBXFileReference; lastKnownFileType = sourcecode.swift; path = DailyWeatherView.swift; sourceTree = "<group>"; };
		F69E091D2C7459CB009C6585 /* DailyCarouselRow.swift */ = {isa = PBXFileReference; lastKnownFileType = sourcecode.swift; path = DailyCarouselRow.swift; sourceTree = "<group>"; };
		F69E091F2C74ED1B009C6585 /* WeeklyForecast.json */ = {isa = PBXFileReference; fileEncoding = 4; lastKnownFileType = text.json; path = WeeklyForecast.json; sourceTree = "<group>"; };
		F69E09212C7513FA009C6585 /* DailyCarouselRowItemView.swift */ = {isa = PBXFileReference; lastKnownFileType = sourcecode.swift; path = DailyCarouselRowItemView.swift; sourceTree = "<group>"; };
		F69E09252C752FED009C6585 /* WeeklyForecastView.swift */ = {isa = PBXFileReference; lastKnownFileType = sourcecode.swift; path = WeeklyForecastView.swift; sourceTree = "<group>"; };
		F69E09272C75303F009C6585 /* WeeklyForecastDetailView.swift */ = {isa = PBXFileReference; lastKnownFileType = sourcecode.swift; path = WeeklyForecastDetailView.swift; sourceTree = "<group>"; };
		F6F44E4E2C7401E7005FEBD2 /* WeatherAppSwift.app */ = {isa = PBXFileReference; explicitFileType = wrapper.application; includeInIndex = 0; path = WeatherAppSwift.app; sourceTree = BUILT_PRODUCTS_DIR; };
		F6F44E512C7401E7005FEBD2 /* WeatherAppSwiftApp.swift */ = {isa = PBXFileReference; lastKnownFileType = sourcecode.swift; path = WeatherAppSwiftApp.swift; sourceTree = "<group>"; };
		F6F44E532C7401E7005FEBD2 /* ContentView.swift */ = {isa = PBXFileReference; lastKnownFileType = sourcecode.swift; path = ContentView.swift; sourceTree = "<group>"; };
		F6F44E552C7401E8005FEBD2 /* Assets.xcassets */ = {isa = PBXFileReference; lastKnownFileType = folder.assetcatalog; path = Assets.xcassets; sourceTree = "<group>"; };
		F6F44E582C7401E8005FEBD2 /* Preview Assets.xcassets */ = {isa = PBXFileReference; lastKnownFileType = folder.assetcatalog; path = "Preview Assets.xcassets"; sourceTree = "<group>"; };
		F6F44E5E2C7401E8005FEBD2 /* WeatherAppSwiftTests.xctest */ = {isa = PBXFileReference; explicitFileType = wrapper.cfbundle; includeInIndex = 0; path = WeatherAppSwiftTests.xctest; sourceTree = BUILT_PRODUCTS_DIR; };
		F6F44E622C7401E8005FEBD2 /* WeatherAppSwiftTests.swift */ = {isa = PBXFileReference; lastKnownFileType = sourcecode.swift; path = WeatherAppSwiftTests.swift; sourceTree = "<group>"; };
		F6F44E682C7401E8005FEBD2 /* WeatherAppSwiftUITests.xctest */ = {isa = PBXFileReference; explicitFileType = wrapper.cfbundle; includeInIndex = 0; path = WeatherAppSwiftUITests.xctest; sourceTree = BUILT_PRODUCTS_DIR; };
		F6F44E6C2C7401E8005FEBD2 /* WeatherAppSwiftUITests.swift */ = {isa = PBXFileReference; lastKnownFileType = sourcecode.swift; path = WeatherAppSwiftUITests.swift; sourceTree = "<group>"; };
		F6F44E6E2C7401E8005FEBD2 /* WeatherAppSwiftUITestsLaunchTests.swift */ = {isa = PBXFileReference; lastKnownFileType = sourcecode.swift; path = WeatherAppSwiftUITestsLaunchTests.swift; sourceTree = "<group>"; };
/* End PBXFileReference section */

/* Begin PBXFrameworksBuildPhase section */
		F6F44E4B2C7401E7005FEBD2 /* Frameworks */ = {
			isa = PBXFrameworksBuildPhase;
			buildActionMask = 2147483647;
			files = (
			);
			runOnlyForDeploymentPostprocessing = 0;
		};
		F6F44E5B2C7401E8005FEBD2 /* Frameworks */ = {
			isa = PBXFrameworksBuildPhase;
			buildActionMask = 2147483647;
			files = (
			);
			runOnlyForDeploymentPostprocessing = 0;
		};
		F6F44E652C7401E8005FEBD2 /* Frameworks */ = {
			isa = PBXFrameworksBuildPhase;
			buildActionMask = 2147483647;
			files = (
			);
			runOnlyForDeploymentPostprocessing = 0;
		};
/* End PBXFrameworksBuildPhase section */

/* Begin PBXGroup section */
		F63931D02C74084600409961 /* Views */ = {
			isa = PBXGroup;
			children = (
				F63931E92C740C7D00409961 /* TopView */,
				F69E091A2C7455DA009C6585 /* MiddleView */,
				F69E09242C752FA9009C6585 /* BottomView */,
			);
			path = Views;
			sourceTree = "<group>";
		};
		F63931D12C74085400409961 /* Models */ = {
			isa = PBXGroup;
			children = (
				F63931DD2C740AC300409961 /* CurrentWeather.swift */,
				F63931DB2C740AC300409961 /* DailyForecast.swift */,
				F63931DC2C740AC300409961 /* SearchLocation.swift */,
				F63931D92C740AC300409961 /* WeatherType.swift */,
				F63931DA2C740AC300409961 /* WeeklyForecast.swift */,
			);
			path = Models;
			sourceTree = "<group>";
		};
		F63931D32C74089000409961 /* ViewModels */ = {
			isa = PBXGroup;
			children = (
				F63931D72C740A5400409961 /* WeatherVM.swift */,
			);
			path = ViewModels;
			sourceTree = "<group>";
		};
		F63931D42C74089700409961 /* SampleJSONs */ = {
			isa = PBXGroup;
			children = (
				F63931D52C74094600409961 /* CurrentWeatherVancouver.json */,
				F69E091F2C74ED1B009C6585 /* WeeklyForecast.json */,
			);
			path = SampleJSONs;
			sourceTree = "<group>";
		};
		F63931E92C740C7D00409961 /* TopView */ = {
			isa = PBXGroup;
			children = (
				F63931EA2C740C9500409961 /* TopWeatherView.swift */,
			);
			path = TopView;
			sourceTree = "<group>";
		};
		F69E091A2C7455DA009C6585 /* MiddleView */ = {
			isa = PBXGroup;
			children = (
				F69E091B2C7455FD009C6585 /* DailyWeatherView.swift */,
				F69E091D2C7459CB009C6585 /* DailyCarouselRow.swift */,
				F69E09212C7513FA009C6585 /* DailyCarouselRowItemView.swift */,
			);
			path = MiddleView;
			sourceTree = "<group>";
		};
		F69E09242C752FA9009C6585 /* BottomView */ = {
			isa = PBXGroup;
			children = (
				F69E09252C752FED009C6585 /* WeeklyForecastView.swift */,
				F69E09272C75303F009C6585 /* WeeklyForecastDetailView.swift */,
			);
			path = BottomView;
			sourceTree = "<group>";
		};
		F6F44E452C7401E7005FEBD2 = {
			isa = PBXGroup;
			children = (
				F6F44E502C7401E7005FEBD2 /* WeatherAppSwift */,
				F6F44E612C7401E8005FEBD2 /* WeatherAppSwiftTests */,
				F6F44E6B2C7401E8005FEBD2 /* WeatherAppSwiftUITests */,
				F6F44E4F2C7401E7005FEBD2 /* Products */,
			);
			sourceTree = "<group>";
		};
		F6F44E4F2C7401E7005FEBD2 /* Products */ = {
			isa = PBXGroup;
			children = (
				F6F44E4E2C7401E7005FEBD2 /* WeatherAppSwift.app */,
				F6F44E5E2C7401E8005FEBD2 /* WeatherAppSwiftTests.xctest */,
				F6F44E682C7401E8005FEBD2 /* WeatherAppSwiftUITests.xctest */,
			);
			name = Products;
			sourceTree = "<group>";
		};
		F6F44E502C7401E7005FEBD2 /* WeatherAppSwift */ = {
			isa = PBXGroup;
			children = (
				F6F44E552C7401E8005FEBD2 /* Assets.xcassets */,
				F6F44E7B2C740365005FEBD2 /* App */,
				F63931D02C74084600409961 /* Views */,
				F63931D12C74085400409961 /* Models */,
				F63931D32C74089000409961 /* ViewModels */,
				F63931D42C74089700409961 /* SampleJSONs */,
				F6F44E572C7401E8005FEBD2 /* Preview Content */,
			);
			path = WeatherAppSwift;
			sourceTree = "<group>";
		};
		F6F44E572C7401E8005FEBD2 /* Preview Content */ = {
			isa = PBXGroup;
			children = (
				F6F44E582C7401E8005FEBD2 /* Preview Assets.xcassets */,
			);
			path = "Preview Content";
			sourceTree = "<group>";
		};
		F6F44E612C7401E8005FEBD2 /* WeatherAppSwiftTests */ = {
			isa = PBXGroup;
			children = (
				F6F44E622C7401E8005FEBD2 /* WeatherAppSwiftTests.swift */,
			);
			path = WeatherAppSwiftTests;
			sourceTree = "<group>";
		};
		F6F44E6B2C7401E8005FEBD2 /* WeatherAppSwiftUITests */ = {
			isa = PBXGroup;
			children = (
				F6F44E6C2C7401E8005FEBD2 /* WeatherAppSwiftUITests.swift */,
				F6F44E6E2C7401E8005FEBD2 /* WeatherAppSwiftUITestsLaunchTests.swift */,
			);
			path = WeatherAppSwiftUITests;
			sourceTree = "<group>";
		};
		F6F44E7B2C740365005FEBD2 /* App */ = {
			isa = PBXGroup;
			children = (
				F63931E52C740B1700409961 /* Api.swift */,
				F63931E42C740B1700409961 /* ApiInfo.swift */,
				F63931E32C740B1700409961 /* Extensions.swift */,
				F6F44E512C7401E7005FEBD2 /* WeatherAppSwiftApp.swift */,
				F6F44E532C7401E7005FEBD2 /* ContentView.swift */,
			);
			path = App;
			sourceTree = "<group>";
		};
/* End PBXGroup section */

/* Begin PBXNativeTarget section */
		F6F44E4D2C7401E7005FEBD2 /* WeatherAppSwift */ = {
			isa = PBXNativeTarget;
			buildConfigurationList = F6F44E722C7401E8005FEBD2 /* Build configuration list for PBXNativeTarget "WeatherAppSwift" */;
			buildPhases = (
				F6F44E4A2C7401E7005FEBD2 /* Sources */,
				F6F44E4B2C7401E7005FEBD2 /* Frameworks */,
				F6F44E4C2C7401E7005FEBD2 /* Resources */,
			);
			buildRules = (
			);
			dependencies = (
			);
			name = WeatherAppSwift;
			productName = WeatherAppSwift;
			productReference = F6F44E4E2C7401E7005FEBD2 /* WeatherAppSwift.app */;
			productType = "com.apple.product-type.application";
		};
		F6F44E5D2C7401E8005FEBD2 /* WeatherAppSwiftTests */ = {
			isa = PBXNativeTarget;
			buildConfigurationList = F6F44E752C7401E8005FEBD2 /* Build configuration list for PBXNativeTarget "WeatherAppSwiftTests" */;
			buildPhases = (
				F6F44E5A2C7401E8005FEBD2 /* Sources */,
				F6F44E5B2C7401E8005FEBD2 /* Frameworks */,
				F6F44E5C2C7401E8005FEBD2 /* Resources */,
			);
			buildRules = (
			);
			dependencies = (
				F6F44E602C7401E8005FEBD2 /* PBXTargetDependency */,
			);
			name = WeatherAppSwiftTests;
			productName = WeatherAppSwiftTests;
			productReference = F6F44E5E2C7401E8005FEBD2 /* WeatherAppSwiftTests.xctest */;
			productType = "com.apple.product-type.bundle.unit-test";
		};
		F6F44E672C7401E8005FEBD2 /* WeatherAppSwiftUITests */ = {
			isa = PBXNativeTarget;
			buildConfigurationList = F6F44E782C7401E8005FEBD2 /* Build configuration list for PBXNativeTarget "WeatherAppSwiftUITests" */;
			buildPhases = (
				F6F44E642C7401E8005FEBD2 /* Sources */,
				F6F44E652C7401E8005FEBD2 /* Frameworks */,
				F6F44E662C7401E8005FEBD2 /* Resources */,
			);
			buildRules = (
			);
			dependencies = (
				F6F44E6A2C7401E8005FEBD2 /* PBXTargetDependency */,
			);
			name = WeatherAppSwiftUITests;
			productName = WeatherAppSwiftUITests;
			productReference = F6F44E682C7401E8005FEBD2 /* WeatherAppSwiftUITests.xctest */;
			productType = "com.apple.product-type.bundle.ui-testing";
		};
/* End PBXNativeTarget section */

/* Begin PBXProject section */
		F6F44E462C7401E7005FEBD2 /* Project object */ = {
			isa = PBXProject;
			attributes = {
				BuildIndependentTargetsInParallel = 1;
				LastSwiftUpdateCheck = 1540;
				LastUpgradeCheck = 1540;
				TargetAttributes = {
					F6F44E4D2C7401E7005FEBD2 = {
						CreatedOnToolsVersion = 15.4;
					};
					F6F44E5D2C7401E8005FEBD2 = {
						CreatedOnToolsVersion = 15.4;
						TestTargetID = F6F44E4D2C7401E7005FEBD2;
					};
					F6F44E672C7401E8005FEBD2 = {
						CreatedOnToolsVersion = 15.4;
						TestTargetID = F6F44E4D2C7401E7005FEBD2;
					};
				};
			};
			buildConfigurationList = F6F44E492C7401E7005FEBD2 /* Build configuration list for PBXProject "WeatherAppSwift" */;
			compatibilityVersion = "Xcode 14.0";
			developmentRegion = en;
			hasScannedForEncodings = 0;
			knownRegions = (
				en,
				Base,
			);
			mainGroup = F6F44E452C7401E7005FEBD2;
			productRefGroup = F6F44E4F2C7401E7005FEBD2 /* Products */;
			projectDirPath = "";
			projectRoot = "";
			targets = (
				F6F44E4D2C7401E7005FEBD2 /* WeatherAppSwift */,
				F6F44E5D2C7401E8005FEBD2 /* WeatherAppSwiftTests */,
				F6F44E672C7401E8005FEBD2 /* WeatherAppSwiftUITests */,
			);
		};
/* End PBXProject section */

/* Begin PBXResourcesBuildPhase section */
		F6F44E4C2C7401E7005FEBD2 /* Resources */ = {
			isa = PBXResourcesBuildPhase;
			buildActionMask = 2147483647;
			files = (
				F6F44E592C7401E8005FEBD2 /* Preview Assets.xcassets in Resources */,
				F63931D62C74094600409961 /* CurrentWeatherVancouver.json in Resources */,
				F6F44E562C7401E8005FEBD2 /* Assets.xcassets in Resources */,
				F69E09202C74ED1B009C6585 /* WeeklyForecast.json in Resources */,
			);
			runOnlyForDeploymentPostprocessing = 0;
		};
		F6F44E5C2C7401E8005FEBD2 /* Resources */ = {
			isa = PBXResourcesBuildPhase;
			buildActionMask = 2147483647;
			files = (
			);
			runOnlyForDeploymentPostprocessing = 0;
		};
		F6F44E662C7401E8005FEBD2 /* Resources */ = {
			isa = PBXResourcesBuildPhase;
			buildActionMask = 2147483647;
			files = (
			);
			runOnlyForDeploymentPostprocessing = 0;
		};
/* End PBXResourcesBuildPhase section */

/* Begin PBXSourcesBuildPhase section */
		F6F44E4A2C7401E7005FEBD2 /* Sources */ = {
			isa = PBXSourcesBuildPhase;
			buildActionMask = 2147483647;
			files = (
				F6F44E542C7401E7005FEBD2 /* ContentView.swift in Sources */,
				F63931EB2C740C9500409961 /* TopWeatherView.swift in Sources */,
				F63931E62C740B1700409961 /* Extensions.swift in Sources */,
				F63931E72C740B1700409961 /* ApiInfo.swift in Sources */,
				F69E09222C7513FA009C6585 /* DailyCarouselRowItemView.swift in Sources */,
				F69E091C2C7455FD009C6585 /* DailyWeatherView.swift in Sources */,
				F69E09282C75303F009C6585 /* WeeklyForecastDetailView.swift in Sources */,
				F69E09262C752FED009C6585 /* WeeklyForecastView.swift in Sources */,
				F6F44E522C7401E7005FEBD2 /* WeatherAppSwiftApp.swift in Sources */,
				F63931E22C740AC300409961 /* CurrentWeather.swift in Sources */,
				F63931E82C740B1700409961 /* Api.swift in Sources */,
				F63931E02C740AC300409961 /* DailyForecast.swift in Sources */,
				F63931E12C740AC300409961 /* SearchLocation.swift in Sources */,
				F69E091E2C7459CB009C6585 /* DailyCarouselRow.swift in Sources */,
				F63931DE2C740AC300409961 /* WeatherType.swift in Sources */,
				F63931DF2C740AC300409961 /* WeeklyForecast.swift in Sources */,
				F63931D82C740A5400409961 /* WeatherVM.swift in Sources */,
			);
			runOnlyForDeploymentPostprocessing = 0;
		};
		F6F44E5A2C7401E8005FEBD2 /* Sources */ = {
			isa = PBXSourcesBuildPhase;
			buildActionMask = 2147483647;
			files = (
				F6F44E632C7401E8005FEBD2 /* WeatherAppSwiftTests.swift in Sources */,
			);
			runOnlyForDeploymentPostprocessing = 0;
		};
		F6F44E642C7401E8005FEBD2 /* Sources */ = {
			isa = PBXSourcesBuildPhase;
			buildActionMask = 2147483647;
			files = (
				F6F44E6D2C7401E8005FEBD2 /* WeatherAppSwiftUITests.swift in Sources */,
				F6F44E6F2C7401E8005FEBD2 /* WeatherAppSwiftUITestsLaunchTests.swift in Sources */,
			);
			runOnlyForDeploymentPostprocessing = 0;
		};
/* End PBXSourcesBuildPhase section */

/* Begin PBXTargetDependency section */
		F6F44E602C7401E8005FEBD2 /* PBXTargetDependency */ = {
			isa = PBXTargetDependency;
			target = F6F44E4D2C7401E7005FEBD2 /* WeatherAppSwift */;
			targetProxy = F6F44E5F2C7401E8005FEBD2 /* PBXContainerItemProxy */;
		};
		F6F44E6A2C7401E8005FEBD2 /* PBXTargetDependency */ = {
			isa = PBXTargetDependency;
			target = F6F44E4D2C7401E7005FEBD2 /* WeatherAppSwift */;
			targetProxy = F6F44E692C7401E8005FEBD2 /* PBXContainerItemProxy */;
		};
/* End PBXTargetDependency section */

/* Begin XCBuildConfiguration section */
		F6F44E702C7401E8005FEBD2 /* Debug */ = {
			isa = XCBuildConfiguration;
			buildSettings = {
				ALWAYS_SEARCH_USER_PATHS = NO;
				ASSETCATALOG_COMPILER_GENERATE_SWIFT_ASSET_SYMBOL_EXTENSIONS = YES;
				CLANG_ANALYZER_NONNULL = YES;
				CLANG_ANALYZER_NUMBER_OBJECT_CONVERSION = YES_AGGRESSIVE;
				CLANG_CXX_LANGUAGE_STANDARD = "gnu++20";
				CLANG_ENABLE_MODULES = YES;
				CLANG_ENABLE_OBJC_ARC = YES;
				CLANG_ENABLE_OBJC_WEAK = YES;
				CLANG_WARN_BLOCK_CAPTURE_AUTORELEASING = YES;
				CLANG_WARN_BOOL_CONVERSION = YES;
				CLANG_WARN_COMMA = YES;
				CLANG_WARN_CONSTANT_CONVERSION = YES;
				CLANG_WARN_DEPRECATED_OBJC_IMPLEMENTATIONS = YES;
				CLANG_WARN_DIRECT_OBJC_ISA_USAGE = YES_ERROR;
				CLANG_WARN_DOCUMENTATION_COMMENTS = YES;
				CLANG_WARN_EMPTY_BODY = YES;
				CLANG_WARN_ENUM_CONVERSION = YES;
				CLANG_WARN_INFINITE_RECURSION = YES;
				CLANG_WARN_INT_CONVERSION = YES;
				CLANG_WARN_NON_LITERAL_NULL_CONVERSION = YES;
				CLANG_WARN_OBJC_IMPLICIT_RETAIN_SELF = YES;
				CLANG_WARN_OBJC_LITERAL_CONVERSION = YES;
				CLANG_WARN_OBJC_ROOT_CLASS = YES_ERROR;
				CLANG_WARN_QUOTED_INCLUDE_IN_FRAMEWORK_HEADER = YES;
				CLANG_WARN_RANGE_LOOP_ANALYSIS = YES;
				CLANG_WARN_STRICT_PROTOTYPES = YES;
				CLANG_WARN_SUSPICIOUS_MOVE = YES;
				CLANG_WARN_UNGUARDED_AVAILABILITY = YES_AGGRESSIVE;
				CLANG_WARN_UNREACHABLE_CODE = YES;
				CLANG_WARN__DUPLICATE_METHOD_MATCH = YES;
				COPY_PHASE_STRIP = NO;
				DEBUG_INFORMATION_FORMAT = dwarf;
				ENABLE_STRICT_OBJC_MSGSEND = YES;
				ENABLE_TESTABILITY = YES;
				ENABLE_USER_SCRIPT_SANDBOXING = YES;
				GCC_C_LANGUAGE_STANDARD = gnu17;
				GCC_DYNAMIC_NO_PIC = NO;
				GCC_NO_COMMON_BLOCKS = YES;
				GCC_OPTIMIZATION_LEVEL = 0;
				GCC_PREPROCESSOR_DEFINITIONS = (
					"DEBUG=1",
					"$(inherited)",
				);
				GCC_WARN_64_TO_32_BIT_CONVERSION = YES;
				GCC_WARN_ABOUT_RETURN_TYPE = YES_ERROR;
				GCC_WARN_UNDECLARED_SELECTOR = YES;
				GCC_WARN_UNINITIALIZED_AUTOS = YES_AGGRESSIVE;
				GCC_WARN_UNUSED_FUNCTION = YES;
				GCC_WARN_UNUSED_VARIABLE = YES;
				IPHONEOS_DEPLOYMENT_TARGET = 17.5;
				LOCALIZATION_PREFERS_STRING_CATALOGS = YES;
				MTL_ENABLE_DEBUG_INFO = INCLUDE_SOURCE;
				MTL_FAST_MATH = YES;
				ONLY_ACTIVE_ARCH = YES;
				SDKROOT = iphoneos;
				SWIFT_ACTIVE_COMPILATION_CONDITIONS = "DEBUG $(inherited)";
				SWIFT_OPTIMIZATION_LEVEL = "-Onone";
			};
			name = Debug;
		};
		F6F44E712C7401E8005FEBD2 /* Release */ = {
			isa = XCBuildConfiguration;
			buildSettings = {
				ALWAYS_SEARCH_USER_PATHS = NO;
				ASSETCATALOG_COMPILER_GENERATE_SWIFT_ASSET_SYMBOL_EXTENSIONS = YES;
				CLANG_ANALYZER_NONNULL = YES;
				CLANG_ANALYZER_NUMBER_OBJECT_CONVERSION = YES_AGGRESSIVE;
				CLANG_CXX_LANGUAGE_STANDARD = "gnu++20";
				CLANG_ENABLE_MODULES = YES;
				CLANG_ENABLE_OBJC_ARC = YES;
				CLANG_ENABLE_OBJC_WEAK = YES;
				CLANG_WARN_BLOCK_CAPTURE_AUTORELEASING = YES;
				CLANG_WARN_BOOL_CONVERSION = YES;
				CLANG_WARN_COMMA = YES;
				CLANG_WARN_CONSTANT_CONVERSION = YES;
				CLANG_WARN_DEPRECATED_OBJC_IMPLEMENTATIONS = YES;
				CLANG_WARN_DIRECT_OBJC_ISA_USAGE = YES_ERROR;
				CLANG_WARN_DOCUMENTATION_COMMENTS = YES;
				CLANG_WARN_EMPTY_BODY = YES;
				CLANG_WARN_ENUM_CONVERSION = YES;
				CLANG_WARN_INFINITE_RECURSION = YES;
				CLANG_WARN_INT_CONVERSION = YES;
				CLANG_WARN_NON_LITERAL_NULL_CONVERSION = YES;
				CLANG_WARN_OBJC_IMPLICIT_RETAIN_SELF = YES;
				CLANG_WARN_OBJC_LITERAL_CONVERSION = YES;
				CLANG_WARN_OBJC_ROOT_CLASS = YES_ERROR;
				CLANG_WARN_QUOTED_INCLUDE_IN_FRAMEWORK_HEADER = YES;
				CLANG_WARN_RANGE_LOOP_ANALYSIS = YES;
				CLANG_WARN_STRICT_PROTOTYPES = YES;
				CLANG_WARN_SUSPICIOUS_MOVE = YES;
				CLANG_WARN_UNGUARDED_AVAILABILITY = YES_AGGRESSIVE;
				CLANG_WARN_UNREACHABLE_CODE = YES;
				CLANG_WARN__DUPLICATE_METHOD_MATCH = YES;
				COPY_PHASE_STRIP = NO;
				DEBUG_INFORMATION_FORMAT = "dwarf-with-dsym";
				ENABLE_NS_ASSERTIONS = NO;
				ENABLE_STRICT_OBJC_MSGSEND = YES;
				ENABLE_USER_SCRIPT_SANDBOXING = YES;
				GCC_C_LANGUAGE_STANDARD = gnu17;
				GCC_NO_COMMON_BLOCKS = YES;
				GCC_WARN_64_TO_32_BIT_CONVERSION = YES;
				GCC_WARN_ABOUT_RETURN_TYPE = YES_ERROR;
				GCC_WARN_UNDECLARED_SELECTOR = YES;
				GCC_WARN_UNINITIALIZED_AUTOS = YES_AGGRESSIVE;
				GCC_WARN_UNUSED_FUNCTION = YES;
				GCC_WARN_UNUSED_VARIABLE = YES;
				IPHONEOS_DEPLOYMENT_TARGET = 17.5;
				LOCALIZATION_PREFERS_STRING_CATALOGS = YES;
				MTL_ENABLE_DEBUG_INFO = NO;
				MTL_FAST_MATH = YES;
				SDKROOT = iphoneos;
				SWIFT_COMPILATION_MODE = wholemodule;
				VALIDATE_PRODUCT = YES;
			};
			name = Release;
		};
		F6F44E732C7401E8005FEBD2 /* Debug */ = {
			isa = XCBuildConfiguration;
			buildSettings = {
				ASSETCATALOG_COMPILER_APPICON_NAME = AppIcon;
				ASSETCATALOG_COMPILER_GLOBAL_ACCENT_COLOR_NAME = AccentColor;
				CODE_SIGN_STYLE = Automatic;
				CURRENT_PROJECT_VERSION = 1;
				DEVELOPMENT_ASSET_PATHS = "\"WeatherAppSwift/Preview Content\"";
				DEVELOPMENT_TEAM = 47V2Q8N9K4;
				ENABLE_PREVIEWS = YES;
				GENERATE_INFOPLIST_FILE = YES;
				INFOPLIST_KEY_UIApplicationSceneManifest_Generation = YES;
				INFOPLIST_KEY_UIApplicationSupportsIndirectInputEvents = YES;
				INFOPLIST_KEY_UILaunchScreen_Generation = YES;
				INFOPLIST_KEY_UISupportedInterfaceOrientations_iPad = "UIInterfaceOrientationPortrait UIInterfaceOrientationPortraitUpsideDown UIInterfaceOrientationLandscapeLeft UIInterfaceOrientationLandscapeRight";
				INFOPLIST_KEY_UISupportedInterfaceOrientations_iPhone = "UIInterfaceOrientationPortrait UIInterfaceOrientationLandscapeLeft UIInterfaceOrientationLandscapeRight";
				LD_RUNPATH_SEARCH_PATHS = (
					"$(inherited)",
					"@executable_path/Frameworks",
				);
				MARKETING_VERSION = 1.0;
				PRODUCT_BUNDLE_IDENTIFIER = com.skim.test.WeatherAppSwift;
				PRODUCT_NAME = "$(TARGET_NAME)";
				SWIFT_EMIT_LOC_STRINGS = YES;
				SWIFT_VERSION = 5.0;
				TARGETED_DEVICE_FAMILY = "1,2";
			};
			name = Debug;
		};
		F6F44E742C7401E8005FEBD2 /* Release */ = {
			isa = XCBuildConfiguration;
			buildSettings = {
				ASSETCATALOG_COMPILER_APPICON_NAME = AppIcon;
				ASSETCATALOG_COMPILER_GLOBAL_ACCENT_COLOR_NAME = AccentColor;
				CODE_SIGN_STYLE = Automatic;
				CURRENT_PROJECT_VERSION = 1;
				DEVELOPMENT_ASSET_PATHS = "\"WeatherAppSwift/Preview Content\"";
				DEVELOPMENT_TEAM = 47V2Q8N9K4;
				ENABLE_PREVIEWS = YES;
				GENERATE_INFOPLIST_FILE = YES;
				INFOPLIST_KEY_UIApplicationSceneManifest_Generation = YES;
				INFOPLIST_KEY_UIApplicationSupportsIndirectInputEvents = YES;
				INFOPLIST_KEY_UILaunchScreen_Generation = YES;
				INFOPLIST_KEY_UISupportedInterfaceOrientations_iPad = "UIInterfaceOrientationPortrait UIInterfaceOrientationPortraitUpsideDown UIInterfaceOrientationLandscapeLeft UIInterfaceOrientationLandscapeRight";
				INFOPLIST_KEY_UISupportedInterfaceOrientations_iPhone = "UIInterfaceOrientationPortrait UIInterfaceOrientationLandscapeLeft UIInterfaceOrientationLandscapeRight";
				LD_RUNPATH_SEARCH_PATHS = (
					"$(inherited)",
					"@executable_path/Frameworks",
				);
				MARKETING_VERSION = 1.0;
				PRODUCT_BUNDLE_IDENTIFIER = com.skim.test.WeatherAppSwift;
				PRODUCT_NAME = "$(TARGET_NAME)";
				SWIFT_EMIT_LOC_STRINGS = YES;
				SWIFT_VERSION = 5.0;
				TARGETED_DEVICE_FAMILY = "1,2";
			};
			name = Release;
		};
		F6F44E762C7401E8005FEBD2 /* Debug */ = {
			isa = XCBuildConfiguration;
			buildSettings = {
				ALWAYS_EMBED_SWIFT_STANDARD_LIBRARIES = YES;
				BUNDLE_LOADER = "$(TEST_HOST)";
				CODE_SIGN_STYLE = Automatic;
				CURRENT_PROJECT_VERSION = 1;
				DEVELOPMENT_TEAM = 47V2Q8N9K4;
				GENERATE_INFOPLIST_FILE = YES;
				IPHONEOS_DEPLOYMENT_TARGET = 17.5;
				MARKETING_VERSION = 1.0;
				PRODUCT_BUNDLE_IDENTIFIER = com.skim.test.WeatherAppSwiftTests;
				PRODUCT_NAME = "$(TARGET_NAME)";
				SWIFT_EMIT_LOC_STRINGS = NO;
				SWIFT_VERSION = 5.0;
				TARGETED_DEVICE_FAMILY = "1,2";
				TEST_HOST = "$(BUILT_PRODUCTS_DIR)/WeatherAppSwift.app/$(BUNDLE_EXECUTABLE_FOLDER_PATH)/WeatherAppSwift";
			};
			name = Debug;
		};
		F6F44E772C7401E8005FEBD2 /* Release */ = {
			isa = XCBuildConfiguration;
			buildSettings = {
				ALWAYS_EMBED_SWIFT_STANDARD_LIBRARIES = YES;
				BUNDLE_LOADER = "$(TEST_HOST)";
				CODE_SIGN_STYLE = Automatic;
				CURRENT_PROJECT_VERSION = 1;
				DEVELOPMENT_TEAM = 47V2Q8N9K4;
				GENERATE_INFOPLIST_FILE = YES;
				IPHONEOS_DEPLOYMENT_TARGET = 17.5;
				MARKETING_VERSION = 1.0;
				PRODUCT_BUNDLE_IDENTIFIER = com.skim.test.WeatherAppSwiftTests;
				PRODUCT_NAME = "$(TARGET_NAME)";
				SWIFT_EMIT_LOC_STRINGS = NO;
				SWIFT_VERSION = 5.0;
				TARGETED_DEVICE_FAMILY = "1,2";
				TEST_HOST = "$(BUILT_PRODUCTS_DIR)/WeatherAppSwift.app/$(BUNDLE_EXECUTABLE_FOLDER_PATH)/WeatherAppSwift";
			};
			name = Release;
		};
		F6F44E792C7401E8005FEBD2 /* Debug */ = {
			isa = XCBuildConfiguration;
			buildSettings = {
				ALWAYS_EMBED_SWIFT_STANDARD_LIBRARIES = YES;
				CODE_SIGN_STYLE = Automatic;
				CURRENT_PROJECT_VERSION = 1;
				DEVELOPMENT_TEAM = 47V2Q8N9K4;
				GENERATE_INFOPLIST_FILE = YES;
				MARKETING_VERSION = 1.0;
				PRODUCT_BUNDLE_IDENTIFIER = com.skim.test.WeatherAppSwiftUITests;
				PRODUCT_NAME = "$(TARGET_NAME)";
				SWIFT_EMIT_LOC_STRINGS = NO;
				SWIFT_VERSION = 5.0;
				TARGETED_DEVICE_FAMILY = "1,2";
				TEST_TARGET_NAME = WeatherAppSwift;
			};
			name = Debug;
		};
		F6F44E7A2C7401E8005FEBD2 /* Release */ = {
			isa = XCBuildConfiguration;
			buildSettings = {
				ALWAYS_EMBED_SWIFT_STANDARD_LIBRARIES = YES;
				CODE_SIGN_STYLE = Automatic;
				CURRENT_PROJECT_VERSION = 1;
				DEVELOPMENT_TEAM = 47V2Q8N9K4;
				GENERATE_INFOPLIST_FILE = YES;
				MARKETING_VERSION = 1.0;
				PRODUCT_BUNDLE_IDENTIFIER = com.skim.test.WeatherAppSwiftUITests;
				PRODUCT_NAME = "$(TARGET_NAME)";
				SWIFT_EMIT_LOC_STRINGS = NO;
				SWIFT_VERSION = 5.0;
				TARGETED_DEVICE_FAMILY = "1,2";
				TEST_TARGET_NAME = WeatherAppSwift;
			};
			name = Release;
		};
/* End XCBuildConfiguration section */

/* Begin XCConfigurationList section */
		F6F44E492C7401E7005FEBD2 /* Build configuration list for PBXProject "WeatherAppSwift" */ = {
			isa = XCConfigurationList;
			buildConfigurations = (
				F6F44E702C7401E8005FEBD2 /* Debug */,
				F6F44E712C7401E8005FEBD2 /* Release */,
			);
			defaultConfigurationIsVisible = 0;
			defaultConfigurationName = Release;
		};
		F6F44E722C7401E8005FEBD2 /* Build configuration list for PBXNativeTarget "WeatherAppSwift" */ = {
			isa = XCConfigurationList;
			buildConfigurations = (
				F6F44E732C7401E8005FEBD2 /* Debug */,
				F6F44E742C7401E8005FEBD2 /* Release */,
			);
			defaultConfigurationIsVisible = 0;
			defaultConfigurationName = Release;
		};
		F6F44E752C7401E8005FEBD2 /* Build configuration list for PBXNativeTarget "WeatherAppSwiftTests" */ = {
			isa = XCConfigurationList;
			buildConfigurations = (
				F6F44E762C7401E8005FEBD2 /* Debug */,
				F6F44E772C7401E8005FEBD2 /* Release */,
			);
			defaultConfigurationIsVisible = 0;
			defaultConfigurationName = Release;
		};
		F6F44E782C7401E8005FEBD2 /* Build configuration list for PBXNativeTarget "WeatherAppSwiftUITests" */ = {
			isa = XCConfigurationList;
			buildConfigurations = (
				F6F44E792C7401E8005FEBD2 /* Debug */,
				F6F44E7A2C7401E8005FEBD2 /* Release */,
			);
			defaultConfigurationIsVisible = 0;
			defaultConfigurationName = Release;
		};
/* End XCConfigurationList section */
	};
	rootObject = F6F44E462C7401E7005FEBD2 /* Project object */;
}
